
Microsoft Visual Studio Solution File, Format Version 12.00
# Visual Studio Version 16
VisualStudioVersion = 16.0.31005.135
MinimumVisualStudioVersion = 10.0.40219.1
Project("{FAE04EC0-301F-11D3-BF4B-00C04F79EFBC}") = "CreatingDataTable", "CreatingDataTable\CreatingDataTable.csproj", "{781A7E06-F800-4387-A9AF-2013182266A4}"
EndProject
Global
	GlobalSection(SolutionConfigurationPlatforms) = preSolution
		Debug|Any CPU = Debug|Any CPU
		Release|Any CPU = Release|Any CPU
	EndGlobalSection
	GlobalSection(ProjectConfigurationPlatforms) = postSolution
		{781A7E06-F800-4387-A9AF-2013182266A4}.Debug|Any CPU.ActiveCfg = Debug|Any CPU
		{781A7E06-F800-4387-A9AF-2013182266A4}.Debug|Any CPU.Build.0 = Debug|Any CPU
		{781A7E06-F800-4387-A9AF-2013182266A4}.Release|Any CPU.ActiveCfg = Release|Any CPU
		{781A7E06-F800-4387-A9AF-2013182266A4}.Release|Any CPU.Build.0 = Release|Any CPU
	EndGlobalSection
	GlobalSection(SolutionProperties) = preSolution
		HideSolutionNode = FALSE
	EndGlobalSection
	GlobalSection(ExtensibilityGlobals) = postSolution
		SolutionGuid = {FD409B9E-95B3-428C-BDF3-63CBB39B24AF}
	EndGlobalSection
EndGlobal
