
Microsoft Visual Studio Solution File, Format Version 12.00
# Visual Studio Version 16
VisualStudioVersion = 16.0.31005.135
MinimumVisualStudioVersion = 10.0.40219.1
Project("{FAE04EC0-301F-11D3-BF4B-00C04F79EFBC}") = "WorkingDataTable", "WorkingDataTable\WorkingDataTable.csproj", "{478365DB-8983-4A05-AF29-EC0588AB0A34}"
EndProject
Global
	GlobalSection(SolutionConfigurationPlatforms) = preSolution
		Debug|Any CPU = Debug|Any CPU
		Release|Any CPU = Release|Any CPU
	EndGlobalSection
	GlobalSection(ProjectConfigurationPlatforms) = postSolution
		{478365DB-8983-4A05-AF29-EC0588AB0A34}.Debug|Any CPU.ActiveCfg = Debug|Any CPU
		{478365DB-8983-4A05-AF29-EC0588AB0A34}.Debug|Any CPU.Build.0 = Debug|Any CPU
		{478365DB-8983-4A05-AF29-EC0588AB0A34}.Release|Any CPU.ActiveCfg = Release|Any CPU
		{478365DB-8983-4A05-AF29-EC0588AB0A34}.Release|Any CPU.Build.0 = Release|Any CPU
	EndGlobalSection
	GlobalSection(SolutionProperties) = preSolution
		HideSolutionNode = FALSE
	EndGlobalSection
	GlobalSection(ExtensibilityGlobals) = postSolution
		SolutionGuid = {DCA24E5A-46CB-4F1B-A1FE-5E09D6BEA8C7}
	EndGlobalSection
EndGlobal
