
Microsoft Visual Studio Solution File, Format Version 12.00
# Visual Studio Version 16
VisualStudioVersion = 16.0.31005.135
MinimumVisualStudioVersion = 10.0.40219.1
Project("{FAE04EC0-301F-11D3-BF4B-00C04F79EFBC}") = "UserIn2", "UserIn2\UserIn2.csproj", "{2D4CA6B9-B727-42C9-97FB-2CAA8FAA6BB0}"
EndProject
Global
	GlobalSection(SolutionConfigurationPlatforms) = preSolution
		Debug|Any CPU = Debug|Any CPU
		Release|Any CPU = Release|Any CPU
	EndGlobalSection
	GlobalSection(ProjectConfigurationPlatforms) = postSolution
		{2D4CA6B9-B727-42C9-97FB-2CAA8FAA6BB0}.Debug|Any CPU.ActiveCfg = Debug|Any CPU
		{2D4CA6B9-B727-42C9-97FB-2CAA8FAA6BB0}.Debug|Any CPU.Build.0 = Debug|Any CPU
		{2D4CA6B9-B727-42C9-97FB-2CAA8FAA6BB0}.Release|Any CPU.ActiveCfg = Release|Any CPU
		{2D4CA6B9-B727-42C9-97FB-2CAA8FAA6BB0}.Release|Any CPU.Build.0 = Release|Any CPU
	EndGlobalSection
	GlobalSection(SolutionProperties) = preSolution
		HideSolutionNode = FALSE
	EndGlobalSection
	GlobalSection(ExtensibilityGlobals) = postSolution
		SolutionGuid = {28CAE302-481D-4D7D-BCAA-F8F68A746CFE}
	EndGlobalSection
EndGlobal
