
Microsoft Visual Studio Solution File, Format Version 12.00
# Visual Studio Version 16
VisualStudioVersion = 16.0.31005.135
MinimumVisualStudioVersion = 10.0.40219.1
Project("{FAE04EC0-301F-11D3-BF4B-00C04F79EFBC}") = "WpfApplicationPolygon", "WpfApplicationPolygon\WpfApplicationPolygon.csproj", "{B08FA63F-F9E9-42BD-B2DE-C2B4F443F44D}"
EndProject
Global
	GlobalSection(SolutionConfigurationPlatforms) = preSolution
		Debug|Any CPU = Debug|Any CPU
		Release|Any CPU = Release|Any CPU
	EndGlobalSection
	GlobalSection(ProjectConfigurationPlatforms) = postSolution
		{B08FA63F-F9E9-42BD-B2DE-C2B4F443F44D}.Debug|Any CPU.ActiveCfg = Debug|Any CPU
		{B08FA63F-F9E9-42BD-B2DE-C2B4F443F44D}.Debug|Any CPU.Build.0 = Debug|Any CPU
		{B08FA63F-F9E9-42BD-B2DE-C2B4F443F44D}.Release|Any CPU.ActiveCfg = Release|Any CPU
		{B08FA63F-F9E9-42BD-B2DE-C2B4F443F44D}.Release|Any CPU.Build.0 = Release|Any CPU
	EndGlobalSection
	GlobalSection(SolutionProperties) = preSolution
		HideSolutionNode = FALSE
	EndGlobalSection
	GlobalSection(ExtensibilityGlobals) = postSolution
		SolutionGuid = {1E34CB8A-E513-4620-B3C3-80DB7C2C18FF}
	EndGlobalSection
EndGlobal
