
Microsoft Visual Studio Solution File, Format Version 12.00
# Visual Studio Version 16
VisualStudioVersion = 16.0.31005.135
MinimumVisualStudioVersion = 10.0.40219.1
Project("{FAE04EC0-301F-11D3-BF4B-00C04F79EFBC}") = "DataBindingDemo", "DataBindingDemo\DataBindingDemo.csproj", "{C9E7769A-1EDF-4B28-8D5A-626F78BE510D}"
EndProject
Global
	GlobalSection(SolutionConfigurationPlatforms) = preSolution
		Debug|Any CPU = Debug|Any CPU
		Release|Any CPU = Release|Any CPU
	EndGlobalSection
	GlobalSection(ProjectConfigurationPlatforms) = postSolution
		{C9E7769A-1EDF-4B28-8D5A-626F78BE510D}.Debug|Any CPU.ActiveCfg = Debug|Any CPU
		{C9E7769A-1EDF-4B28-8D5A-626F78BE510D}.Debug|Any CPU.Build.0 = Debug|Any CPU
		{C9E7769A-1EDF-4B28-8D5A-626F78BE510D}.Release|Any CPU.ActiveCfg = Release|Any CPU
		{C9E7769A-1EDF-4B28-8D5A-626F78BE510D}.Release|Any CPU.Build.0 = Release|Any CPU
	EndGlobalSection
	GlobalSection(SolutionProperties) = preSolution
		HideSolutionNode = FALSE
	EndGlobalSection
	GlobalSection(ExtensibilityGlobals) = postSolution
		SolutionGuid = {FB6BB2A5-686F-4D34-8057-9BEAAC9B8F3D}
	EndGlobalSection
EndGlobal
