
Microsoft Visual Studio Solution File, Format Version 12.00
# Visual Studio Version 16
VisualStudioVersion = 16.0.31005.135
MinimumVisualStudioVersion = 10.0.40219.1
Project("{FAE04EC0-301F-11D3-BF4B-00C04F79EFBC}") = "UserIn3", "UserIn3\UserIn3.csproj", "{AEE947D9-4409-4B98-ABD8-DF9DE22B7C93}"
EndProject
Global
	GlobalSection(SolutionConfigurationPlatforms) = preSolution
		Debug|Any CPU = Debug|Any CPU
		Release|Any CPU = Release|Any CPU
	EndGlobalSection
	GlobalSection(ProjectConfigurationPlatforms) = postSolution
		{AEE947D9-4409-4B98-ABD8-DF9DE22B7C93}.Debug|Any CPU.ActiveCfg = Debug|Any CPU
		{AEE947D9-4409-4B98-ABD8-DF9DE22B7C93}.Debug|Any CPU.Build.0 = Debug|Any CPU
		{AEE947D9-4409-4B98-ABD8-DF9DE22B7C93}.Release|Any CPU.ActiveCfg = Release|Any CPU
		{AEE947D9-4409-4B98-ABD8-DF9DE22B7C93}.Release|Any CPU.Build.0 = Release|Any CPU
	EndGlobalSection
	GlobalSection(SolutionProperties) = preSolution
		HideSolutionNode = FALSE
	EndGlobalSection
	GlobalSection(ExtensibilityGlobals) = postSolution
		SolutionGuid = {79713949-BE31-4314-943E-A57AB6C1D608}
	EndGlobalSection
EndGlobal
