
Microsoft Visual Studio Solution File, Format Version 12.00
# Visual Studio Version 16
VisualStudioVersion = 16.0.31005.135
MinimumVisualStudioVersion = 10.0.40219.1
Project("{FAE04EC0-301F-11D3-BF4B-00C04F79EFBC}") = "WpfBackWorker", "WpfBackWorker\WpfBackWorker.csproj", "{DADF3F83-158F-4301-BDC3-B31BE339A175}"
EndProject
Global
	GlobalSection(SolutionConfigurationPlatforms) = preSolution
		Debug|Any CPU = Debug|Any CPU
		Release|Any CPU = Release|Any CPU
	EndGlobalSection
	GlobalSection(ProjectConfigurationPlatforms) = postSolution
		{DADF3F83-158F-4301-BDC3-B31BE339A175}.Debug|Any CPU.ActiveCfg = Debug|Any CPU
		{DADF3F83-158F-4301-BDC3-B31BE339A175}.Debug|Any CPU.Build.0 = Debug|Any CPU
		{DADF3F83-158F-4301-BDC3-B31BE339A175}.Release|Any CPU.ActiveCfg = Release|Any CPU
		{DADF3F83-158F-4301-BDC3-B31BE339A175}.Release|Any CPU.Build.0 = Release|Any CPU
	EndGlobalSection
	GlobalSection(SolutionProperties) = preSolution
		HideSolutionNode = FALSE
	EndGlobalSection
	GlobalSection(ExtensibilityGlobals) = postSolution
		SolutionGuid = {5B4C2A23-0970-41C8-AB82-5B1131DFE291}
	EndGlobalSection
EndGlobal
